
Microsoft Visual Studio Solution File, Format Version 12.00
# Visual Studio Version 16
VisualStudioVersion = 16.0.28803.452
MinimumVisualStudioVersion = 10.0.40219.1
Project("{9A19103F-16F7-4668-BE54-9A1E7A4F7556}") = "CarAI", "CarAI\CarAI.csproj", "{6FF0E1AE-BD37-4B3E-9B3B-BD44DD65FBDA}"
EndProject
Project("{9A19103F-16F7-4668-BE54-9A1E7A4F7556}") = "Lib", "Lib\Lib.csproj", "{956ACEF7-322A-4B63-A2DC-BB7730B1DB38}"
EndProject
Global
	GlobalSection(SolutionConfigurationPlatforms) = preSolution
		Debug|Any CPU = Debug|Any CPU
		Release|Any CPU = Release|Any CPU
	EndGlobalSection
	GlobalSection(ProjectConfigurationPlatforms) = postSolution
		{6FF0E1AE-BD37-4B3E-9B3B-BD44DD65FBDA}.Debug|Any CPU.ActiveCfg = Debug|Any CPU
		{6FF0E1AE-BD37-4B3E-9B3B-BD44DD65FBDA}.Debug|Any CPU.Build.0 = Debug|Any CPU
		{6FF0E1AE-BD37-4B3E-9B3B-BD44DD65FBDA}.Release|Any CPU.ActiveCfg = Release|Any CPU
		{6FF0E1AE-BD37-4B3E-9B3B-BD44DD65FBDA}.Release|Any CPU.Build.0 = Release|Any CPU
		{956ACEF7-322A-4B63-A2DC-BB7730B1DB38}.Debug|Any CPU.ActiveCfg = Debug|Any CPU
		{956ACEF7-322A-4B63-A2DC-BB7730B1DB38}.Debug|Any CPU.Build.0 = Debug|Any CPU
		{956ACEF7-322A-4B63-A2DC-BB7730B1DB38}.Release|Any CPU.ActiveCfg = Release|Any CPU
		{956ACEF7-322A-4B63-A2DC-BB7730B1DB38}.Release|Any CPU.Build.0 = Release|Any CPU
	EndGlobalSection
	GlobalSection(SolutionProperties) = preSolution
		HideSolutionNode = FALSE
	EndGlobalSection
	GlobalSection(ExtensibilityGlobals) = postSolution
		SolutionGuid = {42539993-6749-4C85-9AB4-9EC09BDA8A23}
	EndGlobalSection
EndGlobal
